<?xml version="1.0" encoding="utf-8"?>
<Project ToolsVersion="4.0" xmlns="http://schemas.microsoft.com/developer/msbuild/2003">
  <ItemGroup>
    <Filter Include="Core">
      <UniqueIdentifier>{45bb9872-9031-4937-8145-43766b6f2632}</UniqueIdentifier>
    </Filter>
    <Filter Include="Export">
      <UniqueIdentifier>{79385074-11c5-4fb5-9327-27f6c64ff6a0}</UniqueIdentifier>
    </Filter>
    <Filter Include="DoubleVec">
      <UniqueIdentifier>{dd69b6aa-fdf3-4067-88fe-ab039770e54b}</UniqueIdentifier>
    </Filter>
    <Filter Include="Alglib">
      <UniqueIdentifier>{8a9b43a1-c83d-4ea9-9a39-cd0bec6292fe}</UniqueIdentifier>
    </Filter>
  </ItemGroup>
  <ItemGroup>
    <ClCompile Include="export.cpp">
      <Filter>Export</Filter>
    </ClCompile>
    <ClCompile Include="core.cpp">
      <Filter>Core</Filter>
    </ClCompile>
    <ClCompile Include="doubleVec.cpp">
      <Filter>DoubleVec</Filter>
    </ClCompile>
    <ClCompile Include="coreObject.cpp">
      <Filter>Core</Filter>
    </ClCompile>
    <ClCompile Include="alglib\src\alglibinternal.cpp">
      <Filter>Alglib</Filter>
    </ClCompile>
    <ClCompile Include="alglib\src\alglibmisc.cpp">
      <Filter>Alglib</Filter>
    </ClCompile>
    <ClCompile Include="alglib\src\ap.cpp">
      <Filter>Alglib</Filter>
    </ClCompile>
    <ClCompile Include="alglib\src\dataanalysis.cpp">
      <Filter>Alglib</Filter>
    </ClCompile>
    <ClCompile Include="alglib\src\diffequations.cpp">
      <Filter>Alglib</Filter>
    </ClCompile>
    <ClCompile Include="alglib\src\fasttransforms.cpp">
      <Filter>Alglib</Filter>
    </ClCompile>
    <ClCompile Include="alglib\src\integration.cpp">
      <Filter>Alglib</Filter>
    </ClCompile>
    <ClCompile Include="alglib\src\interpolation.cpp">
      <Filter>Alglib</Filter>
    </ClCompile>
    <ClCompile Include="alglib\src\linalg.cpp">
      <Filter>Alglib</Filter>
    </ClCompile>
    <ClCompile Include="alglib\src\optimization.cpp">
      <Filter>Alglib</Filter>
    </ClCompile>
    <ClCompile Include="alglib\src\solvers.cpp">
      <Filter>Alglib</Filter>
    </ClCompile>
    <ClCompile Include="alglib\src\specialfunctions.cpp">
      <Filter>Alglib</Filter>
    </ClCompile>
    <ClCompile Include="alglib\src\statistics.cpp">
      <Filter>Alglib</Filter>
    </ClCompile>
  </ItemGroup>
  <ItemGroup>
    <ClInclude Include="export.h">
      <Filter>Export</Filter>
    </ClInclude>
    <ClInclude Include="core.h">
      <Filter>Core</Filter>
    </ClInclude>
    <ClInclude Include="doubleVec.h">
      <Filter>DoubleVec</Filter>
    </ClInclude>
    <ClInclude Include="alglib\src\alglibinternal.h">
      <Filter>Alglib</Filter>
    </ClInclude>
    <ClInclude Include="alglib\src\alglibmisc.h">
      <Filter>Alglib</Filter>
    </ClInclude>
    <ClInclude Include="alglib\src\ap.h">
      <Filter>Alglib</Filter>
    </ClInclude>
    <ClInclude Include="alglib\src\dataanalysis.h">
      <Filter>Alglib</Filter>
    </ClInclude>
    <ClInclude Include="alglib\src\diffequations.h">
      <Filter>Alglib</Filter>
    </ClInclude>
    <ClInclude Include="alglib\src\fasttransforms.h">
      <Filter>Alglib</Filter>
    </ClInclude>
    <ClInclude Include="alglib\src\integration.h">
      <Filter>Alglib</Filter>
    </ClInclude>
    <ClInclude Include="alglib\src\interpolation.h">
      <Filter>Alglib</Filter>
    </ClInclude>
    <ClInclude Include="alglib\src\linalg.h">
      <Filter>Alglib</Filter>
    </ClInclude>
    <ClInclude Include="alglib\src\optimization.h">
      <Filter>Alglib</Filter>
    </ClInclude>
    <ClInclude Include="alglib\src\solvers.h">
      <Filter>Alglib</Filter>
    </ClInclude>
    <ClInclude Include="alglib\src\specialfunctions.h">
      <Filter>Alglib</Filter>
    </ClInclude>
    <ClInclude Include="alglib\src\statistics.h">
      <Filter>Alglib</Filter>
    </ClInclude>
    <ClInclude Include="alglib\src\stdafx.h">
      <Filter>Alglib</Filter>
    </ClInclude>
  </ItemGroup>
</Project>